
Microsoft Visual Studio Solution File, Format Version 12.00
# Visual Studio Version 17
VisualStudioVersion = 17.14.36414.22
MinimumVisualStudioVersion = 10.0.40219.1
Project("{FAE04EC0-301F-11D3-BF4B-00C04F79EFBC}") = "RealEstate.API", "src\RealEstate.API\RealEstate.API\RealEstate.API.csproj", "{8001B024-1AF7-FAAA-0316-5715D912A019}"
EndProject
Project("{FAE04EC0-301F-11D3-BF4B-00C04F79EFBC}") = "RealEstate.Application", "src\RealEstate.Application\RealEstate.Application.csproj", "{A530071A-F251-B866-4EF1-2F005A6CB41E}"
EndProject
Project("{FAE04EC0-301F-11D3-BF4B-00C04F79EFBC}") = "RealEstate.Domain", "src\RealEstate.Domain\RealEstate.Domain.csproj", "{8C52C742-18FA-6C7D-58A1-3887AA99902A}"
EndProject
Project("{FAE04EC0-301F-11D3-BF4B-00C04F79EFBC}") = "RealEstate.Infrastructure", "src\RealEstate.Infrastructure\RealEstate.Infrastructure.csproj", "{31C3E44A-B63C-B0A7-FB81-3BBB688AD1E5}"
EndProject
Project("{FAE04EC0-301F-11D3-BF4B-00C04F79EFBC}") = "RealEstate.Contracts", "src\RealEstate.Contracts\RealEstate.Contracts.csproj", "{EF9A1F71-5ACE-431E-ACEB-E4EA3C2433E3}"
EndProject
Project("{FAE04EC0-301F-11D3-BF4B-00C04F79EFBC}") = "RealEstate.SharedKernel", "src\RealEstate.SharedKernel\RealEstate.SharedKernel.csproj", "{DEC93D56-FCD0-3C38-CB1F-393D891DDE9A}"
EndProject
Project("{FAE04EC0-301F-11D3-BF4B-00C04F79EFBC}") = "RealEstate.Application.Tests", "RealEstate.Application.Tests\RealEstate.Application.Tests.csproj", "{E7444602-D8E2-48FD-90A0-8DD4758F68FA}"
EndProject
Global
	GlobalSection(SolutionConfigurationPlatforms) = preSolution
		Debug|Any CPU = Debug|Any CPU
		Release|Any CPU = Release|Any CPU
	EndGlobalSection
	GlobalSection(ProjectConfigurationPlatforms) = postSolution
		{8001B024-1AF7-FAAA-0316-5715D912A019}.Debug|Any CPU.ActiveCfg = Debug|Any CPU
		{8001B024-1AF7-FAAA-0316-5715D912A019}.Debug|Any CPU.Build.0 = Debug|Any CPU
		{8001B024-1AF7-FAAA-0316-5715D912A019}.Release|Any CPU.ActiveCfg = Release|Any CPU
		{8001B024-1AF7-FAAA-0316-5715D912A019}.Release|Any CPU.Build.0 = Release|Any CPU
		{A530071A-F251-B866-4EF1-2F005A6CB41E}.Debug|Any CPU.ActiveCfg = Debug|Any CPU
		{A530071A-F251-B866-4EF1-2F005A6CB41E}.Debug|Any CPU.Build.0 = Debug|Any CPU
		{A530071A-F251-B866-4EF1-2F005A6CB41E}.Release|Any CPU.ActiveCfg = Release|Any CPU
		{A530071A-F251-B866-4EF1-2F005A6CB41E}.Release|Any CPU.Build.0 = Release|Any CPU
		{8C52C742-18FA-6C7D-58A1-3887AA99902A}.Debug|Any CPU.ActiveCfg = Debug|Any CPU
		{8C52C742-18FA-6C7D-58A1-3887AA99902A}.Debug|Any CPU.Build.0 = Debug|Any CPU
		{8C52C742-18FA-6C7D-58A1-3887AA99902A}.Release|Any CPU.ActiveCfg = Release|Any CPU
		{8C52C742-18FA-6C7D-58A1-3887AA99902A}.Release|Any CPU.Build.0 = Release|Any CPU
		{31C3E44A-B63C-B0A7-FB81-3BBB688AD1E5}.Debug|Any CPU.ActiveCfg = Debug|Any CPU
		{31C3E44A-B63C-B0A7-FB81-3BBB688AD1E5}.Debug|Any CPU.Build.0 = Debug|Any CPU
		{31C3E44A-B63C-B0A7-FB81-3BBB688AD1E5}.Release|Any CPU.ActiveCfg = Release|Any CPU
		{31C3E44A-B63C-B0A7-FB81-3BBB688AD1E5}.Release|Any CPU.Build.0 = Release|Any CPU
		{EF9A1F71-5ACE-431E-ACEB-E4EA3C2433E3}.Debug|Any CPU.ActiveCfg = Debug|Any CPU
		{EF9A1F71-5ACE-431E-ACEB-E4EA3C2433E3}.Debug|Any CPU.Build.0 = Debug|Any CPU
		{EF9A1F71-5ACE-431E-ACEB-E4EA3C2433E3}.Release|Any CPU.ActiveCfg = Release|Any CPU
		{EF9A1F71-5ACE-431E-ACEB-E4EA3C2433E3}.Release|Any CPU.Build.0 = Release|Any CPU
		{DEC93D56-FCD0-3C38-CB1F-393D891DDE9A}.Debug|Any CPU.ActiveCfg = Debug|Any CPU
		{DEC93D56-FCD0-3C38-CB1F-393D891DDE9A}.Debug|Any CPU.Build.0 = Debug|Any CPU
		{DEC93D56-FCD0-3C38-CB1F-393D891DDE9A}.Release|Any CPU.ActiveCfg = Release|Any CPU
		{DEC93D56-FCD0-3C38-CB1F-393D891DDE9A}.Release|Any CPU.Build.0 = Release|Any CPU
		{E7444602-D8E2-48FD-90A0-8DD4758F68FA}.Debug|Any CPU.ActiveCfg = Debug|Any CPU
		{E7444602-D8E2-48FD-90A0-8DD4758F68FA}.Debug|Any CPU.Build.0 = Debug|Any CPU
		{E7444602-D8E2-48FD-90A0-8DD4758F68FA}.Release|Any CPU.ActiveCfg = Release|Any CPU
		{E7444602-D8E2-48FD-90A0-8DD4758F68FA}.Release|Any CPU.Build.0 = Release|Any CPU
	EndGlobalSection
	GlobalSection(SolutionProperties) = preSolution
		HideSolutionNode = FALSE
	EndGlobalSection
	GlobalSection(ExtensibilityGlobals) = postSolution
		SolutionGuid = {2CD3997B-A04F-4B5A-B931-4F1679F2A806}
	EndGlobalSection
EndGlobal
